
Microsoft Visual Studio Solution File, Format Version 11.00
# Visual Studio 2010
Project("{FAE04EC0-301F-11D3-BF4B-00C04F79EFBC}") = "Assembly-CSharp", "Assembly-CSharp.csproj", "{D1976D0E-70E2-F0A2-1FBD-323990344A08}"
EndProject
Project("{FAE04EC0-301F-11D3-BF4B-00C04F79EFBC}") = "Assembly-CSharp-firstpass", "Assembly-CSharp-firstpass.csproj", "{C86EF351-B035-6EE8-0858-E7F754D923C7}"
EndProject
Project("{FAE04EC0-301F-11D3-BF4B-00C04F79EFBC}") = "Assembly-CSharp-Editor-firstpass", "Assembly-CSharp-Editor-firstpass.csproj", "{956FA3A8-A640-DC3D-2948-6819EE36C7BD}"
EndProject
Global
	GlobalSection(SolutionConfigurationPlatforms) = preSolution
		Debug|Any CPU = Debug|Any CPU
		Release|Any CPU = Release|Any CPU
	EndGlobalSection
	GlobalSection(ProjectConfigurationPlatforms) = postSolution
		{D1976D0E-70E2-F0A2-1FBD-323990344A08}.Debug|Any CPU.ActiveCfg = Debug|Any CPU
		{D1976D0E-70E2-F0A2-1FBD-323990344A08}.Debug|Any CPU.Build.0 = Debug|Any CPU
		{D1976D0E-70E2-F0A2-1FBD-323990344A08}.Release|Any CPU.ActiveCfg = Release|Any CPU
		{D1976D0E-70E2-F0A2-1FBD-323990344A08}.Release|Any CPU.Build.0 = Release|Any CPU
		{C86EF351-B035-6EE8-0858-E7F754D923C7}.Debug|Any CPU.ActiveCfg = Debug|Any CPU
		{C86EF351-B035-6EE8-0858-E7F754D923C7}.Debug|Any CPU.Build.0 = Debug|Any CPU
		{C86EF351-B035-6EE8-0858-E7F754D923C7}.Release|Any CPU.ActiveCfg = Release|Any CPU
		{C86EF351-B035-6EE8-0858-E7F754D923C7}.Release|Any CPU.Build.0 = Release|Any CPU
		{956FA3A8-A640-DC3D-2948-6819EE36C7BD}.Debug|Any CPU.ActiveCfg = Debug|Any CPU
		{956FA3A8-A640-DC3D-2948-6819EE36C7BD}.Debug|Any CPU.Build.0 = Debug|Any CPU
		{956FA3A8-A640-DC3D-2948-6819EE36C7BD}.Release|Any CPU.ActiveCfg = Release|Any CPU
		{956FA3A8-A640-DC3D-2948-6819EE36C7BD}.Release|Any CPU.Build.0 = Release|Any CPU
	EndGlobalSection
	GlobalSection(SolutionProperties) = preSolution
		HideSolutionNode = FALSE
	EndGlobalSection
	GlobalSection(MonoDevelopProperties) = preSolution
		StartupItem = Assembly-CSharp.csproj
	EndGlobalSection
EndGlobal
